
Microsoft Visual Studio Solution File, Format Version 10.00
# Visual Studio 2008
Project("{E24C65DC-7377-472B-9ABA-BC803B73C61A}") = "DataZone", ".", "{5D681151-DA7C-4A83-9942-9DA382D47E57}"
	ProjectSection(WebsiteProperties) = preProject
		TargetFramework = "2.0"
		Debug.AspNetCompiler.VirtualPath = "/DataZone"
		Debug.AspNetCompiler.PhysicalPath = "..\DataZone\"
		Debug.AspNetCompiler.TargetPath = "PrecompiledWeb\DataZone\"
		Debug.AspNetCompiler.Updateable = "true"
		Debug.AspNetCompiler.ForceOverwrite = "true"
		Debug.AspNetCompiler.FixedNames = "false"
		Debug.AspNetCompiler.Debug = "True"
		Release.AspNetCompiler.VirtualPath = "/DataZone"
		Release.AspNetCompiler.PhysicalPath = "..\DataZone\"
		Release.AspNetCompiler.TargetPath = "PrecompiledWeb\DataZone\"
		Release.AspNetCompiler.Updateable = "true"
		Release.AspNetCompiler.ForceOverwrite = "true"
		Release.AspNetCompiler.FixedNames = "false"
		Release.AspNetCompiler.Debug = "False"
		VWDPort = "4558"
	EndProjectSection
EndProject
Global
	GlobalSection(SolutionConfigurationPlatforms) = preSolution
		Debug|Any CPU = Debug|Any CPU
	EndGlobalSection
	GlobalSection(ProjectConfigurationPlatforms) = postSolution
		{5D681151-DA7C-4A83-9942-9DA382D47E57}.Debug|Any CPU.ActiveCfg = Debug|Any CPU
		{5D681151-DA7C-4A83-9942-9DA382D47E57}.Debug|Any CPU.Build.0 = Debug|Any CPU
	EndGlobalSection
	GlobalSection(SolutionProperties) = preSolution
		HideSolutionNode = FALSE
	EndGlobalSection
EndGlobal
