vti_encoding:SR|utf8-nl
vti_author:SR|WBS0030\\Administrator
vti_modifiedby:SR|WBS0030\\Administrator
vti_timelastmodified:TR|08 Mar 2010 02:10:51 -0000
vti_timecreated:TR|08 Mar 2010 02:10:51 -0000
vti_lineageid:SR|{18C97E85-2122-4092-9030-A0CA7DE3A4A9}
vti_cacheddtm:TX|08 Mar 2010 02:10:51 -0000
vti_filesize:IR|1503
vti_extenderversion:SR|5.0.2.6790
vti_backlinkinfo:VX|
