
Microsoft Visual Studio Solution File, Format Version 10.00
# Visual Studio 2008
Project("{FAE04EC0-301F-11D3-BF4B-00C04F79EFBC}") = "InzoneDataSyncService", "InzoneDataSyncService\InzoneDataSyncService.csproj", "{0440984E-7BD8-46E9-9E7F-1B7CA57ECDCB}"
EndProject
Project("{FAE04EC0-301F-11D3-BF4B-00C04F79EFBC}") = "SqlExpressClientSyncProvider", "SqlExpressClientSyncProvider\SqlExpressClientSyncProvider.csproj", "{DAFABCFC-E8A8-44FA-ACC1-D19641D447C5}"
EndProject
Global
	GlobalSection(SolutionConfigurationPlatforms) = preSolution
		Debug|Any CPU = Debug|Any CPU
		Release|Any CPU = Release|Any CPU
	EndGlobalSection
	GlobalSection(ProjectConfigurationPlatforms) = postSolution
		{0440984E-7BD8-46E9-9E7F-1B7CA57ECDCB}.Debug|Any CPU.ActiveCfg = Debug|Any CPU
		{0440984E-7BD8-46E9-9E7F-1B7CA57ECDCB}.Debug|Any CPU.Build.0 = Debug|Any CPU
		{0440984E-7BD8-46E9-9E7F-1B7CA57ECDCB}.Release|Any CPU.ActiveCfg = Release|Any CPU
		{0440984E-7BD8-46E9-9E7F-1B7CA57ECDCB}.Release|Any CPU.Build.0 = Release|Any CPU
		{DAFABCFC-E8A8-44FA-ACC1-D19641D447C5}.Debug|Any CPU.ActiveCfg = Debug|Any CPU
		{DAFABCFC-E8A8-44FA-ACC1-D19641D447C5}.Debug|Any CPU.Build.0 = Debug|Any CPU
		{DAFABCFC-E8A8-44FA-ACC1-D19641D447C5}.Release|Any CPU.ActiveCfg = Release|Any CPU
		{DAFABCFC-E8A8-44FA-ACC1-D19641D447C5}.Release|Any CPU.Build.0 = Release|Any CPU
	EndGlobalSection
	GlobalSection(SolutionProperties) = preSolution
		HideSolutionNode = FALSE
	EndGlobalSection
EndGlobal
